// !$*UTF8*$!
{
	archiveVersion = 1;
	classes = {
	};
	objectVersion = 50;
	objects = {

/* Begin PBXBuildFile section */
		0818BAA644F4A6CACA8E9CDE /* Pods_PinderTests.framework in Frameworks */ = {isa = PBXBuildFile; fileRef = 08E51941B0C66D6E03F87830 /* Pods_PinderTests.framework */; };
		5E00C42C22774EC800FBF0D7 /* EditAccountTableViewCell.swift in Sources */ = {isa = PBXBuildFile; fileRef = 5E00C42B22774EC800FBF0D7 /* EditAccountTableViewCell.swift */; };
		5E01A02F2270BE1500F9E75C /* Firebase.storyboard in Resources */ = {isa = PBXBuildFile; fileRef = 5EE56D6B2253B1BF00AE3C51 /* Firebase.storyboard */; };
		5E265B52224A776E00236C2F /* GoogleService-Info.plist in Resources */ = {isa = PBXBuildFile; fileRef = 5E265B51224A776D00236C2F /* GoogleService-Info.plist */; };
		5EB5D71422453A5A000D6CE7 /* AppDelegate.swift in Sources */ = {isa = PBXBuildFile; fileRef = 5EB5D71322453A5A000D6CE7 /* AppDelegate.swift */; };
		5EB5D71622453A5A000D6CE7 /* ViewController.swift in Sources */ = {isa = PBXBuildFile; fileRef = 5EB5D71522453A5A000D6CE7 /* ViewController.swift */; };
		5EB5D71922453A5A000D6CE7 /* Main.storyboard in Resources */ = {isa = PBXBuildFile; fileRef = 5EB5D71722453A5A000D6CE7 /* Main.storyboard */; };
		5EB5D71E22453A5B000D6CE7 /* Assets.xcassets in Resources */ = {isa = PBXBuildFile; fileRef = 5EB5D71D22453A5B000D6CE7 /* Assets.xcassets */; };
		5EB5D72122453A5B000D6CE7 /* LaunchScreen.storyboard in Resources */ = {isa = PBXBuildFile; fileRef = 5EB5D71F22453A5B000D6CE7 /* LaunchScreen.storyboard */; };
		5EB5D72C22453A5B000D6CE7 /* PinderTests.swift in Sources */ = {isa = PBXBuildFile; fileRef = 5EB5D72B22453A5B000D6CE7 /* PinderTests.swift */; };
		5EB5D73722453A5B000D6CE7 /* PinderUITests.swift in Sources */ = {isa = PBXBuildFile; fileRef = 5EB5D73622453A5B000D6CE7 /* PinderUITests.swift */; };
		5EB91C69225CFE7300D53278 /* Stack.swift in Sources */ = {isa = PBXBuildFile; fileRef = 5EB91C65225CFE7300D53278 /* Stack.swift */; };
		5EB91C6A225CFE7300D53278 /* PetCard.swift in Sources */ = {isa = PBXBuildFile; fileRef = 5EB91C66225CFE7300D53278 /* PetCard.swift */; };
		5EB91C6D225CFF4F00D53278 /* Ben.storyboard in Resources */ = {isa = PBXBuildFile; fileRef = 5EB91C6C225CFF4F00D53278 /* Ben.storyboard */; };
		5EE56D682253B1B100AE3C51 /* EditAccountTableViewController.swift in Sources */ = {isa = PBXBuildFile; fileRef = 5EE56D652253B1B100AE3C51 /* EditAccountTableViewController.swift */; };
		9A06E6E5226A509F00AAC413 /* PetCardCell.swift in Sources */ = {isa = PBXBuildFile; fileRef = 9A06E6E4226A509F00AAC413 /* PetCardCell.swift */; };
		CB3247DA227892F000060C06 /* AddPetTableViewController.swift in Sources */ = {isa = PBXBuildFile; fileRef = 5EE56D672253B1B100AE3C51 /* AddPetTableViewController.swift */; };
		CB4ABDF0224E792B00162F94 /* Pet.swift in Sources */ = {isa = PBXBuildFile; fileRef = CB4ABDEF224E792B00162F94 /* Pet.swift */; };
		CB9F9EE92281DDA500D4954C /* AddPetViewController.swift in Sources */ = {isa = PBXBuildFile; fileRef = CB9F9EE82281DDA500D4954C /* AddPetViewController.swift */; };
		CBAAC496224A80C3009B2E3D /* FirebaseController.swift in Sources */ = {isa = PBXBuildFile; fileRef = CBAAC495224A80C3009B2E3D /* FirebaseController.swift */; };
		CBAAC49F224A967D009B2E3D /* Users.swift in Sources */ = {isa = PBXBuildFile; fileRef = CBAAC49E224A967D009B2E3D /* Users.swift */; };
		CBAAC4A1224A969C009B2E3D /* GlobalExtensions.swift in Sources */ = {isa = PBXBuildFile; fileRef = CBAAC4A0224A969C009B2E3D /* GlobalExtensions.swift */; };
		CBB702A62270B86A002BC8FE /* PetCardCell.swift in Sources */ = {isa = PBXBuildFile; fileRef = 9A06E6E4226A509F00AAC413 /* PetCardCell.swift */; };
		CBB702A72270B86E002BC8FE /* Animations.swift in Sources */ = {isa = PBXBuildFile; fileRef = 5E32A28E225CE2AF00D91405 /* Animations.swift */; };
		CBB702A92270B876002BC8FE /* Stack.swift in Sources */ = {isa = PBXBuildFile; fileRef = 5EB91C65225CFE7300D53278 /* Stack.swift */; };
		CBB702AA2270B87D002BC8FE /* PetCardController.swift in Sources */ = {isa = PBXBuildFile; fileRef = 5EB91C6E225CFF6800D53278 /* PetCardController.swift */; };
		CBB702C32270BB32002BC8FE /* Model.xcdatamodeld in Sources */ = {isa = PBXBuildFile; fileRef = 5EB91C67225CFE7300D53278 /* Model.xcdatamodeld */; };
		CBB85E5822832D4B009FC4D6 /* CreateAccountViewController.swift in Sources */ = {isa = PBXBuildFile; fileRef = CBB85E5722832D4A009FC4D6 /* CreateAccountViewController.swift */; };
		CBC99F0B22773E55001F2000 /* AddPetExtension.swift in Sources */ = {isa = PBXBuildFile; fileRef = CB2169CB2260CEDA00F2C22E /* AddPetExtension.swift */; };
		CBC99F0C22773EC3001F2000 /* PetCardCollectionViewController.swift in Sources */ = {isa = PBXBuildFile; fileRef = 5EB91C70225CFF7300D53278 /* PetCardCollectionViewController.swift */; };
		D964543F186AB95E01CA711B /* Pods_Pinder.framework in Frameworks */ = {isa = PBXBuildFile; fileRef = 84FC313AD1A1C965AADA99F2 /* Pods_Pinder.framework */; };
		E9CDD669F7FE877EAC2123B3 /* Pods_PinderUITests.framework in Frameworks */ = {isa = PBXBuildFile; fileRef = 05A5538016357E216772E964 /* Pods_PinderUITests.framework */; };
/* End PBXBuildFile section */

/* Begin PBXContainerItemProxy section */
		5EB5D72822453A5B000D6CE7 /* PBXContainerItemProxy */ = {
			isa = PBXContainerItemProxy;
			containerPortal = 5EB5D70822453A5A000D6CE7 /* Project object */;
			proxyType = 1;
			remoteGlobalIDString = 5EB5D70F22453A5A000D6CE7;
			remoteInfo = Pinder;
		};
		5EB5D73322453A5B000D6CE7 /* PBXContainerItemProxy */ = {
			isa = PBXContainerItemProxy;
			containerPortal = 5EB5D70822453A5A000D6CE7 /* Project object */;
			proxyType = 1;
			remoteGlobalIDString = 5EB5D70F22453A5A000D6CE7;
			remoteInfo = Pinder;
		};
/* End PBXContainerItemProxy section */

/* Begin PBXFileReference section */
		05A5538016357E216772E964 /* Pods_PinderUITests.framework */ = {isa = PBXFileReference; explicitFileType = wrapper.framework; includeInIndex = 0; path = Pods_PinderUITests.framework; sourceTree = BUILT_PRODUCTS_DIR; };
		08E51941B0C66D6E03F87830 /* Pods_PinderTests.framework */ = {isa = PBXFileReference; explicitFileType = wrapper.framework; includeInIndex = 0; path = Pods_PinderTests.framework; sourceTree = BUILT_PRODUCTS_DIR; };
		1398751C5355139780212E65 /* Pods-PinderUITests.debug.xcconfig */ = {isa = PBXFileReference; includeInIndex = 1; lastKnownFileType = text.xcconfig; name = "Pods-PinderUITests.debug.xcconfig"; path = "Target Support Files/Pods-PinderUITests/Pods-PinderUITests.debug.xcconfig"; sourceTree = "<group>"; };
		279FA70221B07A46FBB2C1A2 /* Pods-PinderUITests.release.xcconfig */ = {isa = PBXFileReference; includeInIndex = 1; lastKnownFileType = text.xcconfig; name = "Pods-PinderUITests.release.xcconfig"; path = "Target Support Files/Pods-PinderUITests/Pods-PinderUITests.release.xcconfig"; sourceTree = "<group>"; };
		3FB43C3D1E6ACEAB8E602417 /* Pods-Pinder.release.xcconfig */ = {isa = PBXFileReference; includeInIndex = 1; lastKnownFileType = text.xcconfig; name = "Pods-Pinder.release.xcconfig"; path = "Target Support Files/Pods-Pinder/Pods-Pinder.release.xcconfig"; sourceTree = "<group>"; };
		4ED5C283D785587F0C6D643B /* Pods-PinderTests.release.xcconfig */ = {isa = PBXFileReference; includeInIndex = 1; lastKnownFileType = text.xcconfig; name = "Pods-PinderTests.release.xcconfig"; path = "Target Support Files/Pods-PinderTests/Pods-PinderTests.release.xcconfig"; sourceTree = "<group>"; };
		5E00C42B22774EC800FBF0D7 /* EditAccountTableViewCell.swift */ = {isa = PBXFileReference; lastKnownFileType = sourcecode.swift; path = EditAccountTableViewCell.swift; sourceTree = "<group>"; };
		5E265B51224A776D00236C2F /* GoogleService-Info.plist */ = {isa = PBXFileReference; fileEncoding = 4; lastKnownFileType = text.plist.xml; path = "GoogleService-Info.plist"; sourceTree = "<group>"; };
		5E32A28E225CE2AF00D91405 /* Animations.swift */ = {isa = PBXFileReference; lastKnownFileType = sourcecode.swift; path = Animations.swift; sourceTree = "<group>"; };
		5EB5D71022453A5A000D6CE7 /* Pinder.app */ = {isa = PBXFileReference; explicitFileType = wrapper.application; includeInIndex = 0; path = Pinder.app; sourceTree = BUILT_PRODUCTS_DIR; };
		5EB5D71322453A5A000D6CE7 /* AppDelegate.swift */ = {isa = PBXFileReference; lastKnownFileType = sourcecode.swift; path = AppDelegate.swift; sourceTree = "<group>"; };
		5EB5D71522453A5A000D6CE7 /* ViewController.swift */ = {isa = PBXFileReference; lastKnownFileType = sourcecode.swift; path = ViewController.swift; sourceTree = "<group>"; };
		5EB5D71822453A5A000D6CE7 /* Base */ = {isa = PBXFileReference; lastKnownFileType = file.storyboard; name = Base; path = Base.lproj/Main.storyboard; sourceTree = "<group>"; };
		5EB5D71D22453A5B000D6CE7 /* Assets.xcassets */ = {isa = PBXFileReference; lastKnownFileType = folder.assetcatalog; path = Assets.xcassets; sourceTree = "<group>"; };
		5EB5D72022453A5B000D6CE7 /* Base */ = {isa = PBXFileReference; lastKnownFileType = file.storyboard; name = Base; path = Base.lproj/LaunchScreen.storyboard; sourceTree = "<group>"; };
		5EB5D72222453A5B000D6CE7 /* Info.plist */ = {isa = PBXFileReference; lastKnownFileType = text.plist.xml; path = Info.plist; sourceTree = "<group>"; };
		5EB5D72722453A5B000D6CE7 /* PinderTests.xctest */ = {isa = PBXFileReference; explicitFileType = wrapper.cfbundle; includeInIndex = 0; path = PinderTests.xctest; sourceTree = BUILT_PRODUCTS_DIR; };
		5EB5D72B22453A5B000D6CE7 /* PinderTests.swift */ = {isa = PBXFileReference; lastKnownFileType = sourcecode.swift; path = PinderTests.swift; sourceTree = "<group>"; };
		5EB5D72D22453A5B000D6CE7 /* Info.plist */ = {isa = PBXFileReference; lastKnownFileType = text.plist.xml; path = Info.plist; sourceTree = "<group>"; };
		5EB5D73222453A5B000D6CE7 /* PinderUITests.xctest */ = {isa = PBXFileReference; explicitFileType = wrapper.cfbundle; includeInIndex = 0; path = PinderUITests.xctest; sourceTree = BUILT_PRODUCTS_DIR; };
		5EB5D73622453A5B000D6CE7 /* PinderUITests.swift */ = {isa = PBXFileReference; lastKnownFileType = sourcecode.swift; path = PinderUITests.swift; sourceTree = "<group>"; };
		5EB5D73822453A5B000D6CE7 /* Info.plist */ = {isa = PBXFileReference; lastKnownFileType = text.plist.xml; path = Info.plist; sourceTree = "<group>"; };
		5EB91C65225CFE7300D53278 /* Stack.swift */ = {isa = PBXFileReference; fileEncoding = 4; lastKnownFileType = sourcecode.swift; path = Stack.swift; sourceTree = "<group>"; };
		5EB91C66225CFE7300D53278 /* PetCard.swift */ = {isa = PBXFileReference; fileEncoding = 4; lastKnownFileType = sourcecode.swift; path = PetCard.swift; sourceTree = "<group>"; };
		5EB91C68225CFE7300D53278 /* Pinder.xcdatamodel */ = {isa = PBXFileReference; lastKnownFileType = wrapper.xcdatamodel; path = Pinder.xcdatamodel; sourceTree = "<group>"; };
		5EB91C6C225CFF4F00D53278 /* Ben.storyboard */ = {isa = PBXFileReference; fileEncoding = 4; lastKnownFileType = file.storyboard; path = Ben.storyboard; sourceTree = "<group>"; };
		5EB91C6E225CFF6800D53278 /* PetCardController.swift */ = {isa = PBXFileReference; fileEncoding = 4; lastKnownFileType = sourcecode.swift; path = PetCardController.swift; sourceTree = "<group>"; };
		5EB91C70225CFF7300D53278 /* PetCardCollectionViewController.swift */ = {isa = PBXFileReference; fileEncoding = 4; lastKnownFileType = sourcecode.swift; path = PetCardCollectionViewController.swift; sourceTree = "<group>"; };
		5EE56D652253B1B100AE3C51 /* EditAccountTableViewController.swift */ = {isa = PBXFileReference; fileEncoding = 4; lastKnownFileType = sourcecode.swift; path = EditAccountTableViewController.swift; sourceTree = "<group>"; };
		5EE56D672253B1B100AE3C51 /* AddPetTableViewController.swift */ = {isa = PBXFileReference; fileEncoding = 4; lastKnownFileType = sourcecode.swift; path = AddPetTableViewController.swift; sourceTree = "<group>"; };
		5EE56D6B2253B1BF00AE3C51 /* Firebase.storyboard */ = {isa = PBXFileReference; fileEncoding = 4; lastKnownFileType = file.storyboard; path = Firebase.storyboard; sourceTree = "<group>"; };
		84FC313AD1A1C965AADA99F2 /* Pods_Pinder.framework */ = {isa = PBXFileReference; explicitFileType = wrapper.framework; includeInIndex = 0; path = Pods_Pinder.framework; sourceTree = BUILT_PRODUCTS_DIR; };
		9A06E6E4226A509F00AAC413 /* PetCardCell.swift */ = {isa = PBXFileReference; lastKnownFileType = sourcecode.swift; path = PetCardCell.swift; sourceTree = "<group>"; };
		9A84EF852272264600A004CD /* DetailViewController.swift */ = {isa = PBXFileReference; lastKnownFileType = sourcecode.swift; path = DetailViewController.swift; sourceTree = "<group>"; };
		9AF68B972276A00A00B4437C /* PetDetailViewController.swift */ = {isa = PBXFileReference; lastKnownFileType = sourcecode.swift; path = PetDetailViewController.swift; sourceTree = "<group>"; };
		9D23937AA4646A782CA0F415 /* Pods-Pinder.debug.xcconfig */ = {isa = PBXFileReference; includeInIndex = 1; lastKnownFileType = text.xcconfig; name = "Pods-Pinder.debug.xcconfig"; path = "Target Support Files/Pods-Pinder/Pods-Pinder.debug.xcconfig"; sourceTree = "<group>"; };
		9E4422399FBBC5F0B27EF44A /* Pods-PinderTests.debug.xcconfig */ = {isa = PBXFileReference; includeInIndex = 1; lastKnownFileType = text.xcconfig; name = "Pods-PinderTests.debug.xcconfig"; path = "Target Support Files/Pods-PinderTests/Pods-PinderTests.debug.xcconfig"; sourceTree = "<group>"; };
		CB2169CB2260CEDA00F2C22E /* AddPetExtension.swift */ = {isa = PBXFileReference; lastKnownFileType = sourcecode.swift; path = AddPetExtension.swift; sourceTree = "<group>"; };
		CB4ABDEF224E792B00162F94 /* Pet.swift */ = {isa = PBXFileReference; lastKnownFileType = sourcecode.swift; path = Pet.swift; sourceTree = "<group>"; };
		CB9F9EE82281DDA500D4954C /* AddPetViewController.swift */ = {isa = PBXFileReference; lastKnownFileType = sourcecode.swift; path = AddPetViewController.swift; sourceTree = "<group>"; };
		CBAAC495224A80C3009B2E3D /* FirebaseController.swift */ = {isa = PBXFileReference; lastKnownFileType = sourcecode.swift; path = FirebaseController.swift; sourceTree = "<group>"; };
		CBAAC49E224A967D009B2E3D /* Users.swift */ = {isa = PBXFileReference; lastKnownFileType = sourcecode.swift; path = Users.swift; sourceTree = "<group>"; };
		CBAAC4A0224A969C009B2E3D /* GlobalExtensions.swift */ = {isa = PBXFileReference; lastKnownFileType = sourcecode.swift; path = GlobalExtensions.swift; sourceTree = "<group>"; };
		CBB85E5722832D4A009FC4D6 /* CreateAccountViewController.swift */ = {isa = PBXFileReference; lastKnownFileType = sourcecode.swift; path = CreateAccountViewController.swift; sourceTree = "<group>"; };
/* End PBXFileReference section */

/* Begin PBXFrameworksBuildPhase section */
		5EB5D70D22453A5A000D6CE7 /* Frameworks */ = {
			isa = PBXFrameworksBuildPhase;
			buildActionMask = 2147483647;
			files = (
				D964543F186AB95E01CA711B /* Pods_Pinder.framework in Frameworks */,
			);
			runOnlyForDeploymentPostprocessing = 0;
		};
		5EB5D72422453A5B000D6CE7 /* Frameworks */ = {
			isa = PBXFrameworksBuildPhase;
			buildActionMask = 2147483647;
			files = (
				0818BAA644F4A6CACA8E9CDE /* Pods_PinderTests.framework in Frameworks */,
			);
			runOnlyForDeploymentPostprocessing = 0;
		};
		5EB5D72F22453A5B000D6CE7 /* Frameworks */ = {
			isa = PBXFrameworksBuildPhase;
			buildActionMask = 2147483647;
			files = (
				E9CDD669F7FE877EAC2123B3 /* Pods_PinderUITests.framework in Frameworks */,
			);
			runOnlyForDeploymentPostprocessing = 0;
		};
/* End PBXFrameworksBuildPhase section */

/* Begin PBXGroup section */
		3B14817CCE841EC58CE5317E /* Frameworks */ = {
			isa = PBXGroup;
			children = (
				84FC313AD1A1C965AADA99F2 /* Pods_Pinder.framework */,
				08E51941B0C66D6E03F87830 /* Pods_PinderTests.framework */,
				05A5538016357E216772E964 /* Pods_PinderUITests.framework */,
			);
			name = Frameworks;
			sourceTree = "<group>";
		};
		5EB5D70722453A5A000D6CE7 = {
			isa = PBXGroup;
			children = (
				5EB5D71222453A5A000D6CE7 /* Pinder */,
				5EB5D72A22453A5B000D6CE7 /* PinderTests */,
				5EB5D73522453A5B000D6CE7 /* PinderUITests */,
				5EB5D71122453A5A000D6CE7 /* Products */,
				C1910232528D398CE07A5D8F /* Pods */,
				3B14817CCE841EC58CE5317E /* Frameworks */,
				5EE56D642253B0B600AE3C51 /* Recovered References */,
			);
			sourceTree = "<group>";
		};
		5EB5D71122453A5A000D6CE7 /* Products */ = {
			isa = PBXGroup;
			children = (
				5EB5D71022453A5A000D6CE7 /* Pinder.app */,
				5EB5D72722453A5B000D6CE7 /* PinderTests.xctest */,
				5EB5D73222453A5B000D6CE7 /* PinderUITests.xctest */,
			);
			name = Products;
			sourceTree = "<group>";
		};
		5EB5D71222453A5A000D6CE7 /* Pinder */ = {
			isa = PBXGroup;
			children = (
				CBAAC49C224A956C009B2E3D /* ViewControllers */,
				CBAAC49D224A95D1009B2E3D /* Extensions */,
				CBAAC497224A94B7009B2E3D /* Model */,
				CBAAC49B224A9518009B2E3D /* Controllers */,
				CBAAC49A224A9508009B2E3D /* Views */,
				5EB5D71D22453A5B000D6CE7 /* Assets.xcassets */,
				5EB5D72222453A5B000D6CE7 /* Info.plist */,
				5E265B51224A776D00236C2F /* GoogleService-Info.plist */,
			);
			path = Pinder;
			sourceTree = "<group>";
		};
		5EB5D72A22453A5B000D6CE7 /* PinderTests */ = {
			isa = PBXGroup;
			children = (
				5EB5D72B22453A5B000D6CE7 /* PinderTests.swift */,
				5EB5D72D22453A5B000D6CE7 /* Info.plist */,
			);
			path = PinderTests;
			sourceTree = "<group>";
		};
		5EB5D73522453A5B000D6CE7 /* PinderUITests */ = {
			isa = PBXGroup;
			children = (
				5EB5D73622453A5B000D6CE7 /* PinderUITests.swift */,
				5EB5D73822453A5B000D6CE7 /* Info.plist */,
			);
			path = PinderUITests;
			sourceTree = "<group>";
		};
		5EE56D642253B0B600AE3C51 /* Recovered References */ = {
			isa = PBXGroup;
			children = (
			);
			name = "Recovered References";
			sourceTree = "<group>";
		};
		C1910232528D398CE07A5D8F /* Pods */ = {
			isa = PBXGroup;
			children = (
				9D23937AA4646A782CA0F415 /* Pods-Pinder.debug.xcconfig */,
				3FB43C3D1E6ACEAB8E602417 /* Pods-Pinder.release.xcconfig */,
				9E4422399FBBC5F0B27EF44A /* Pods-PinderTests.debug.xcconfig */,
				4ED5C283D785587F0C6D643B /* Pods-PinderTests.release.xcconfig */,
				1398751C5355139780212E65 /* Pods-PinderUITests.debug.xcconfig */,
				279FA70221B07A46FBB2C1A2 /* Pods-PinderUITests.release.xcconfig */,
			);
			path = Pods;
			sourceTree = "<group>";
		};
		CBAAC497224A94B7009B2E3D /* Model */ = {
			isa = PBXGroup;
			children = (
				5EB91C66225CFE7300D53278 /* PetCard.swift */,
				5EB91C65225CFE7300D53278 /* Stack.swift */,
				CBAAC495224A80C3009B2E3D /* FirebaseController.swift */,
				CBAAC49E224A967D009B2E3D /* Users.swift */,
				CB4ABDEF224E792B00162F94 /* Pet.swift */,
				5EB91C67225CFE7300D53278 /* Model.xcdatamodeld */,
			);
			path = Model;
			sourceTree = "<group>";
		};
		CBAAC49A224A9508009B2E3D /* Views */ = {
			isa = PBXGroup;
			children = (
				5EE56D6B2253B1BF00AE3C51 /* Firebase.storyboard */,
				5EB91C6C225CFF4F00D53278 /* Ben.storyboard */,
				5EB5D71722453A5A000D6CE7 /* Main.storyboard */,
				5EB5D71F22453A5B000D6CE7 /* LaunchScreen.storyboard */,
			);
			path = Views;
			sourceTree = "<group>";
		};
		CBAAC49B224A9518009B2E3D /* Controllers */ = {
			isa = PBXGroup;
			children = (
				5EB91C6E225CFF6800D53278 /* PetCardController.swift */,
				5EB5D71322453A5A000D6CE7 /* AppDelegate.swift */,
			);
			path = Controllers;
			sourceTree = "<group>";
		};
		CBAAC49C224A956C009B2E3D /* ViewControllers */ = {
			isa = PBXGroup;
			children = (
				9AF68B972276A00A00B4437C /* PetDetailViewController.swift */,
				9A84EF852272264600A004CD /* DetailViewController.swift */,
				5EB91C70225CFF7300D53278 /* PetCardCollectionViewController.swift */,
				9A06E6E4226A509F00AAC413 /* PetCardCell.swift */,
				5EE56D672253B1B100AE3C51 /* AddPetTableViewController.swift */,
				CB9F9EE82281DDA500D4954C /* AddPetViewController.swift */,
				5EE56D652253B1B100AE3C51 /* EditAccountTableViewController.swift */,
				CBB85E5722832D4A009FC4D6 /* CreateAccountViewController.swift */,
				5EB5D71522453A5A000D6CE7 /* ViewController.swift */,
				5E00C42B22774EC800FBF0D7 /* EditAccountTableViewCell.swift */,
				5E32A28E225CE2AF00D91405 /* Animations.swift */,
			);
			path = ViewControllers;
			sourceTree = "<group>";
		};
		CBAAC49D224A95D1009B2E3D /* Extensions */ = {
			isa = PBXGroup;
			children = (
				CBAAC4A0224A969C009B2E3D /* GlobalExtensions.swift */,
				CB2169CB2260CEDA00F2C22E /* AddPetExtension.swift */,
			);
			path = Extensions;
			sourceTree = "<group>";
		};
/* End PBXGroup section */

/* Begin PBXNativeTarget section */
		5EB5D70F22453A5A000D6CE7 /* Pinder */ = {
			isa = PBXNativeTarget;
			buildConfigurationList = 5EB5D73B22453A5B000D6CE7 /* Build configuration list for PBXNativeTarget "Pinder" */;
			buildPhases = (
				6BC36A43AFFD58E61C56AEDF /* [CP] Check Pods Manifest.lock */,
				5EB5D70C22453A5A000D6CE7 /* Sources */,
				5EB5D70D22453A5A000D6CE7 /* Frameworks */,
				5EB5D70E22453A5A000D6CE7 /* Resources */,
				0AB6910A0D87EC02BDC43B64 /* [CP] Embed Pods Frameworks */,
			);
			buildRules = (
			);
			dependencies = (
			);
			name = Pinder;
			productName = Pinder;
			productReference = 5EB5D71022453A5A000D6CE7 /* Pinder.app */;
			productType = "com.apple.product-type.application";
		};
		5EB5D72622453A5B000D6CE7 /* PinderTests */ = {
			isa = PBXNativeTarget;
			buildConfigurationList = 5EB5D73E22453A5B000D6CE7 /* Build configuration list for PBXNativeTarget "PinderTests" */;
			buildPhases = (
				C38C41FFB505010EDD3C6350 /* [CP] Check Pods Manifest.lock */,
				5EB5D72322453A5B000D6CE7 /* Sources */,
				5EB5D72422453A5B000D6CE7 /* Frameworks */,
				5EB5D72522453A5B000D6CE7 /* Resources */,
			);
			buildRules = (
			);
			dependencies = (
				5EB5D72922453A5B000D6CE7 /* PBXTargetDependency */,
			);
			name = PinderTests;
			productName = PinderTests;
			productReference = 5EB5D72722453A5B000D6CE7 /* PinderTests.xctest */;
			productType = "com.apple.product-type.bundle.unit-test";
		};
		5EB5D73122453A5B000D6CE7 /* PinderUITests */ = {
			isa = PBXNativeTarget;
			buildConfigurationList = 5EB5D74122453A5B000D6CE7 /* Build configuration list for PBXNativeTarget "PinderUITests" */;
			buildPhases = (
				1CF6BE10795B5B03FF58B346 /* [CP] Check Pods Manifest.lock */,
				5EB5D72E22453A5B000D6CE7 /* Sources */,
				5EB5D72F22453A5B000D6CE7 /* Frameworks */,
				5EB5D73022453A5B000D6CE7 /* Resources */,
			);
			buildRules = (
			);
			dependencies = (
				5EB5D73422453A5B000D6CE7 /* PBXTargetDependency */,
			);
			name = PinderUITests;
			productName = PinderUITests;
			productReference = 5EB5D73222453A5B000D6CE7 /* PinderUITests.xctest */;
			productType = "com.apple.product-type.bundle.ui-testing";
		};
/* End PBXNativeTarget section */

/* Begin PBXProject section */
		5EB5D70822453A5A000D6CE7 /* Project object */ = {
			isa = PBXProject;
			attributes = {
				LastSwiftUpdateCheck = 1010;
				LastUpgradeCheck = 1010;
				ORGANIZATIONNAME = "Joe Eagar";
				TargetAttributes = {
					5EB5D70F22453A5A000D6CE7 = {
						CreatedOnToolsVersion = 10.1;
					};
					5EB5D72622453A5B000D6CE7 = {
						CreatedOnToolsVersion = 10.1;
						TestTargetID = 5EB5D70F22453A5A000D6CE7;
					};
					5EB5D73122453A5B000D6CE7 = {
						CreatedOnToolsVersion = 10.1;
						TestTargetID = 5EB5D70F22453A5A000D6CE7;
					};
				};
			};
			buildConfigurationList = 5EB5D70B22453A5A000D6CE7 /* Build configuration list for PBXProject "Pinder" */;
			compatibilityVersion = "Xcode 9.3";
			developmentRegion = en;
			hasScannedForEncodings = 0;
			knownRegions = (
				en,
				Base,
			);
			mainGroup = 5EB5D70722453A5A000D6CE7;
			productRefGroup = 5EB5D71122453A5A000D6CE7 /* Products */;
			projectDirPath = "";
			projectRoot = "";
			targets = (
				5EB5D70F22453A5A000D6CE7 /* Pinder */,
				5EB5D72622453A5B000D6CE7 /* PinderTests */,
				5EB5D73122453A5B000D6CE7 /* PinderUITests */,
			);
		};
/* End PBXProject section */

/* Begin PBXResourcesBuildPhase section */
		5EB5D70E22453A5A000D6CE7 /* Resources */ = {
			isa = PBXResourcesBuildPhase;
			buildActionMask = 2147483647;
			files = (
				5E01A02F2270BE1500F9E75C /* Firebase.storyboard in Resources */,
				5EB5D72122453A5B000D6CE7 /* LaunchScreen.storyboard in Resources */,
				5EB5D71E22453A5B000D6CE7 /* Assets.xcassets in Resources */,
				5E265B52224A776E00236C2F /* GoogleService-Info.plist in Resources */,
				5EB91C6D225CFF4F00D53278 /* Ben.storyboard in Resources */,
				5EB5D71922453A5A000D6CE7 /* Main.storyboard in Resources */,
			);
			runOnlyForDeploymentPostprocessing = 0;
		};
		5EB5D72522453A5B000D6CE7 /* Resources */ = {
			isa = PBXResourcesBuildPhase;
			buildActionMask = 2147483647;
			files = (
			);
			runOnlyForDeploymentPostprocessing = 0;
		};
		5EB5D73022453A5B000D6CE7 /* Resources */ = {
			isa = PBXResourcesBuildPhase;
			buildActionMask = 2147483647;
			files = (
			);
			runOnlyForDeploymentPostprocessing = 0;
		};
/* End PBXResourcesBuildPhase section */

/* Begin PBXShellScriptBuildPhase section */
		0AB6910A0D87EC02BDC43B64 /* [CP] Embed Pods Frameworks */ = {
			isa = PBXShellScriptBuildPhase;
			buildActionMask = 2147483647;
			files = (
			);
			inputFileListPaths = (
			);
			inputPaths = (
				"${PODS_ROOT}/Target Support Files/Pods-Pinder/Pods-Pinder-frameworks.sh",
				"${BUILT_PRODUCTS_DIR}/BoringSSL-GRPC/openssl_grpc.framework",
				"${BUILT_PRODUCTS_DIR}/GTMSessionFetcher/GTMSessionFetcher.framework",
				"${BUILT_PRODUCTS_DIR}/GoogleUtilities/GoogleUtilities.framework",
				"${BUILT_PRODUCTS_DIR}/Protobuf/Protobuf.framework",
				"${BUILT_PRODUCTS_DIR}/gRPC-C++/grpcpp.framework",
				"${BUILT_PRODUCTS_DIR}/gRPC-Core/grpc.framework",
				"${BUILT_PRODUCTS_DIR}/leveldb-library/leveldb.framework",
				"${BUILT_PRODUCTS_DIR}/nanopb/nanopb.framework",
			);
			name = "[CP] Embed Pods Frameworks";
			outputFileListPaths = (
			);
			outputPaths = (
				"${TARGET_BUILD_DIR}/${FRAMEWORKS_FOLDER_PATH}/openssl_grpc.framework",
				"${TARGET_BUILD_DIR}/${FRAMEWORKS_FOLDER_PATH}/GTMSessionFetcher.framework",
				"${TARGET_BUILD_DIR}/${FRAMEWORKS_FOLDER_PATH}/GoogleUtilities.framework",
				"${TARGET_BUILD_DIR}/${FRAMEWORKS_FOLDER_PATH}/Protobuf.framework",
				"${TARGET_BUILD_DIR}/${FRAMEWORKS_FOLDER_PATH}/grpcpp.framework",
				"${TARGET_BUILD_DIR}/${FRAMEWORKS_FOLDER_PATH}/grpc.framework",
				"${TARGET_BUILD_DIR}/${FRAMEWORKS_FOLDER_PATH}/leveldb.framework",
				"${TARGET_BUILD_DIR}/${FRAMEWORKS_FOLDER_PATH}/nanopb.framework",
			);
			runOnlyForDeploymentPostprocessing = 0;
			shellPath = /bin/sh;
			shellScript = "\"${PODS_ROOT}/Target Support Files/Pods-Pinder/Pods-Pinder-frameworks.sh\"\n";
			showEnvVarsInLog = 0;
		};
		1CF6BE10795B5B03FF58B346 /* [CP] Check Pods Manifest.lock */ = {
			isa = PBXShellScriptBuildPhase;
			buildActionMask = 2147483647;
			files = (
			);
			inputFileListPaths = (
			);
			inputPaths = (
				"${PODS_PODFILE_DIR_PATH}/Podfile.lock",
				"${PODS_ROOT}/Manifest.lock",
			);
			name = "[CP] Check Pods Manifest.lock";
			outputFileListPaths = (
			);
			outputPaths = (
				"$(DERIVED_FILE_DIR)/Pods-PinderUITests-checkManifestLockResult.txt",
			);
			runOnlyForDeploymentPostprocessing = 0;
			shellPath = /bin/sh;
			shellScript = "diff \"${PODS_PODFILE_DIR_PATH}/Podfile.lock\" \"${PODS_ROOT}/Manifest.lock\" > /dev/null\nif [ $? != 0 ] ; then\n    # print error to STDERR\n    echo \"error: The sandbox is not in sync with the Podfile.lock. Run 'pod install' or update your CocoaPods installation.\" >&2\n    exit 1\nfi\n# This output is used by Xcode 'outputs' to avoid re-running this script phase.\necho \"SUCCESS\" > \"${SCRIPT_OUTPUT_FILE_0}\"\n";
			showEnvVarsInLog = 0;
		};
		6BC36A43AFFD58E61C56AEDF /* [CP] Check Pods Manifest.lock */ = {
			isa = PBXShellScriptBuildPhase;
			buildActionMask = 2147483647;
			files = (
			);
			inputFileListPaths = (
			);
			inputPaths = (
				"${PODS_PODFILE_DIR_PATH}/Podfile.lock",
				"${PODS_ROOT}/Manifest.lock",
			);
			name = "[CP] Check Pods Manifest.lock";
			outputFileListPaths = (
			);
			outputPaths = (
				"$(DERIVED_FILE_DIR)/Pods-Pinder-checkManifestLockResult.txt",
			);
			runOnlyForDeploymentPostprocessing = 0;
			shellPath = /bin/sh;
			shellScript = "diff \"${PODS_PODFILE_DIR_PATH}/Podfile.lock\" \"${PODS_ROOT}/Manifest.lock\" > /dev/null\nif [ $? != 0 ] ; then\n    # print error to STDERR\n    echo \"error: The sandbox is not in sync with the Podfile.lock. Run 'pod install' or update your CocoaPods installation.\" >&2\n    exit 1\nfi\n# This output is used by Xcode 'outputs' to avoid re-running this script phase.\necho \"SUCCESS\" > \"${SCRIPT_OUTPUT_FILE_0}\"\n";
			showEnvVarsInLog = 0;
		};
		C38C41FFB505010EDD3C6350 /* [CP] Check Pods Manifest.lock */ = {
			isa = PBXShellScriptBuildPhase;
			buildActionMask = 2147483647;
			files = (
			);
			inputFileListPaths = (
			);
			inputPaths = (
				"${PODS_PODFILE_DIR_PATH}/Podfile.lock",
				"${PODS_ROOT}/Manifest.lock",
			);
			name = "[CP] Check Pods Manifest.lock";
			outputFileListPaths = (
			);
			outputPaths = (
				"$(DERIVED_FILE_DIR)/Pods-PinderTests-checkManifestLockResult.txt",
			);
			runOnlyForDeploymentPostprocessing = 0;
			shellPath = /bin/sh;
			shellScript = "diff \"${PODS_PODFILE_DIR_PATH}/Podfile.lock\" \"${PODS_ROOT}/Manifest.lock\" > /dev/null\nif [ $? != 0 ] ; then\n    # print error to STDERR\n    echo \"error: The sandbox is not in sync with the Podfile.lock. Run 'pod install' or update your CocoaPods installation.\" >&2\n    exit 1\nfi\n# This output is used by Xcode 'outputs' to avoid re-running this script phase.\necho \"SUCCESS\" > \"${SCRIPT_OUTPUT_FILE_0}\"\n";
			showEnvVarsInLog = 0;
		};
/* End PBXShellScriptBuildPhase section */

/* Begin PBXSourcesBuildPhase section */
		5EB5D70C22453A5A000D6CE7 /* Sources */ = {
			isa = PBXSourcesBuildPhase;
			buildActionMask = 2147483647;
			files = (
				CB3247DA227892F000060C06 /* AddPetTableViewController.swift in Sources */,
				CBC99F0C22773EC3001F2000 /* PetCardCollectionViewController.swift in Sources */,
				CBC99F0B22773E55001F2000 /* AddPetExtension.swift in Sources */,
				CBB702C32270BB32002BC8FE /* Model.xcdatamodeld in Sources */,
				CBB702AA2270B87D002BC8FE /* PetCardController.swift in Sources */,
				CBB702A92270B876002BC8FE /* Stack.swift in Sources */,
				CBB702A72270B86E002BC8FE /* Animations.swift in Sources */,
				CBB702A62270B86A002BC8FE /* PetCardCell.swift in Sources */,
				CBAAC496224A80C3009B2E3D /* FirebaseController.swift in Sources */,
				5EE56D682253B1B100AE3C51 /* EditAccountTableViewController.swift in Sources */,
				CBAAC4A1224A969C009B2E3D /* GlobalExtensions.swift in Sources */,
				CB9F9EE92281DDA500D4954C /* AddPetViewController.swift in Sources */,
				5EB5D71622453A5A000D6CE7 /* ViewController.swift in Sources */,
				CBB85E5822832D4B009FC4D6 /* CreateAccountViewController.swift in Sources */,
				5EB91C69225CFE7300D53278 /* Stack.swift in Sources */,
				CB4ABDF0224E792B00162F94 /* Pet.swift in Sources */,
				5E00C42C22774EC800FBF0D7 /* EditAccountTableViewCell.swift in Sources */,
				CBAAC49F224A967D009B2E3D /* Users.swift in Sources */,
				5EB5D71422453A5A000D6CE7 /* AppDelegate.swift in Sources */,
				5EB91C6A225CFE7300D53278 /* PetCard.swift in Sources */,
				9A06E6E5226A509F00AAC413 /* PetCardCell.swift in Sources */,
			);
			runOnlyForDeploymentPostprocessing = 0;
		};
		5EB5D72322453A5B000D6CE7 /* Sources */ = {
			isa = PBXSourcesBuildPhase;
			buildActionMask = 2147483647;
			files = (
				5EB5D72C22453A5B000D6CE7 /* PinderTests.swift in Sources */,
			);
			runOnlyForDeploymentPostprocessing = 0;
		};
		5EB5D72E22453A5B000D6CE7 /* Sources */ = {
			isa = PBXSourcesBuildPhase;
			buildActionMask = 2147483647;
			files = (
				5EB5D73722453A5B000D6CE7 /* PinderUITests.swift in Sources */,
			);
			runOnlyForDeploymentPostprocessing = 0;
		};
/* End PBXSourcesBuildPhase section */

/* Begin PBXTargetDependency section */
		5EB5D72922453A5B000D6CE7 /* PBXTargetDependency */ = {
			isa = PBXTargetDependency;
			target = 5EB5D70F22453A5A000D6CE7 /* Pinder */;
			targetProxy = 5EB5D72822453A5B000D6CE7 /* PBXContainerItemProxy */;
		};
		5EB5D73422453A5B000D6CE7 /* PBXTargetDependency */ = {
			isa = PBXTargetDependency;
			target = 5EB5D70F22453A5A000D6CE7 /* Pinder */;
			targetProxy = 5EB5D73322453A5B000D6CE7 /* PBXContainerItemProxy */;
		};
/* End PBXTargetDependency section */

/* Begin PBXVariantGroup section */
		5EB5D71722453A5A000D6CE7 /* Main.storyboard */ = {
			isa = PBXVariantGroup;
			children = (
				5EB5D71822453A5A000D6CE7 /* Base */,
			);
			name = Main.storyboard;
			sourceTree = "<group>";
		};
		5EB5D71F22453A5B000D6CE7 /* LaunchScreen.storyboard */ = {
			isa = PBXVariantGroup;
			children = (
				5EB5D72022453A5B000D6CE7 /* Base */,
			);
			name = LaunchScreen.storyboard;
			sourceTree = "<group>";
		};
/* End PBXVariantGroup section */

/* Begin XCBuildConfiguration section */
		5EB5D73922453A5B000D6CE7 /* Debug */ = {
			isa = XCBuildConfiguration;
			buildSettings = {
				ALWAYS_SEARCH_USER_PATHS = NO;
				CLANG_ANALYZER_NONNULL = YES;
				CLANG_ANALYZER_NUMBER_OBJECT_CONVERSION = YES_AGGRESSIVE;
				CLANG_CXX_LANGUAGE_STANDARD = "gnu++14";
				CLANG_CXX_LIBRARY = "libc++";
				CLANG_ENABLE_MODULES = YES;
				CLANG_ENABLE_OBJC_ARC = YES;
				CLANG_ENABLE_OBJC_WEAK = YES;
				CLANG_WARN_BLOCK_CAPTURE_AUTORELEASING = YES;
				CLANG_WARN_BOOL_CONVERSION = YES;
				CLANG_WARN_COMMA = YES;
				CLANG_WARN_CONSTANT_CONVERSION = YES;
				CLANG_WARN_DEPRECATED_OBJC_IMPLEMENTATIONS = YES;
				CLANG_WARN_DIRECT_OBJC_ISA_USAGE = YES_ERROR;
				CLANG_WARN_DOCUMENTATION_COMMENTS = YES;
				CLANG_WARN_EMPTY_BODY = YES;
				CLANG_WARN_ENUM_CONVERSION = YES;
				CLANG_WARN_INFINITE_RECURSION = YES;
				CLANG_WARN_INT_CONVERSION = YES;
				CLANG_WARN_NON_LITERAL_NULL_CONVERSION = YES;
				CLANG_WARN_OBJC_IMPLICIT_RETAIN_SELF = YES;
				CLANG_WARN_OBJC_LITERAL_CONVERSION = YES;
				CLANG_WARN_OBJC_ROOT_CLASS = YES_ERROR;
				CLANG_WARN_RANGE_LOOP_ANALYSIS = YES;
				CLANG_WARN_STRICT_PROTOTYPES = YES;
				CLANG_WARN_SUSPICIOUS_MOVE = YES;
				CLANG_WARN_UNGUARDED_AVAILABILITY = YES_AGGRESSIVE;
				CLANG_WARN_UNREACHABLE_CODE = YES;
				CLANG_WARN__DUPLICATE_METHOD_MATCH = YES;
				CODE_SIGN_IDENTITY = "iPhone Developer";
				COPY_PHASE_STRIP = NO;
				DEBUG_INFORMATION_FORMAT = dwarf;
				ENABLE_STRICT_OBJC_MSGSEND = YES;
				ENABLE_TESTABILITY = YES;
				GCC_C_LANGUAGE_STANDARD = gnu11;
				GCC_DYNAMIC_NO_PIC = NO;
				GCC_NO_COMMON_BLOCKS = YES;
				GCC_OPTIMIZATION_LEVEL = 0;
				GCC_PREPROCESSOR_DEFINITIONS = (
					"DEBUG=1",
					"$(inherited)",
				);
				GCC_WARN_64_TO_32_BIT_CONVERSION = YES;
				GCC_WARN_ABOUT_RETURN_TYPE = YES_ERROR;
				GCC_WARN_UNDECLARED_SELECTOR = YES;
				GCC_WARN_UNINITIALIZED_AUTOS = YES_AGGRESSIVE;
				GCC_WARN_UNUSED_FUNCTION = YES;
				GCC_WARN_UNUSED_VARIABLE = YES;
				IPHONEOS_DEPLOYMENT_TARGET = 12.1;
				MTL_ENABLE_DEBUG_INFO = INCLUDE_SOURCE;
				MTL_FAST_MATH = YES;
				ONLY_ACTIVE_ARCH = YES;
				SDKROOT = iphoneos;
				SWIFT_ACTIVE_COMPILATION_CONDITIONS = DEBUG;
				SWIFT_OPTIMIZATION_LEVEL = "-Onone";
			};
			name = Debug;
		};
		5EB5D73A22453A5B000D6CE7 /* Release */ = {
			isa = XCBuildConfiguration;
			buildSettings = {
				ALWAYS_SEARCH_USER_PATHS = NO;
				CLANG_ANALYZER_NONNULL = YES;
				CLANG_ANALYZER_NUMBER_OBJECT_CONVERSION = YES_AGGRESSIVE;
				CLANG_CXX_LANGUAGE_STANDARD = "gnu++14";
				CLANG_CXX_LIBRARY = "libc++";
				CLANG_ENABLE_MODULES = YES;
				CLANG_ENABLE_OBJC_ARC = YES;
				CLANG_ENABLE_OBJC_WEAK = YES;
				CLANG_WARN_BLOCK_CAPTURE_AUTORELEASING = YES;
				CLANG_WARN_BOOL_CONVERSION = YES;
				CLANG_WARN_COMMA = YES;
				CLANG_WARN_CONSTANT_CONVERSION = YES;
				CLANG_WARN_DEPRECATED_OBJC_IMPLEMENTATIONS = YES;
				CLANG_WARN_DIRECT_OBJC_ISA_USAGE = YES_ERROR;
				CLANG_WARN_DOCUMENTATION_COMMENTS = YES;
				CLANG_WARN_EMPTY_BODY = YES;
				CLANG_WARN_ENUM_CONVERSION = YES;
				CLANG_WARN_INFINITE_RECURSION = YES;
				CLANG_WARN_INT_CONVERSION = YES;
				CLANG_WARN_NON_LITERAL_NULL_CONVERSION = YES;
				CLANG_WARN_OBJC_IMPLICIT_RETAIN_SELF = YES;
				CLANG_WARN_OBJC_LITERAL_CONVERSION = YES;
				CLANG_WARN_OBJC_ROOT_CLASS = YES_ERROR;
				CLANG_WARN_RANGE_LOOP_ANALYSIS = YES;
				CLANG_WARN_STRICT_PROTOTYPES = YES;
				CLANG_WARN_SUSPICIOUS_MOVE = YES;
				CLANG_WARN_UNGUARDED_AVAILABILITY = YES_AGGRESSIVE;
				CLANG_WARN_UNREACHABLE_CODE = YES;
				CLANG_WARN__DUPLICATE_METHOD_MATCH = YES;
				CODE_SIGN_IDENTITY = "iPhone Developer";
				COPY_PHASE_STRIP = NO;
				DEBUG_INFORMATION_FORMAT = "dwarf-with-dsym";
				ENABLE_NS_ASSERTIONS = NO;
				ENABLE_STRICT_OBJC_MSGSEND = YES;
				GCC_C_LANGUAGE_STANDARD = gnu11;
				GCC_NO_COMMON_BLOCKS = YES;
				GCC_WARN_64_TO_32_BIT_CONVERSION = YES;
				GCC_WARN_ABOUT_RETURN_TYPE = YES_ERROR;
				GCC_WARN_UNDECLARED_SELECTOR = YES;
				GCC_WARN_UNINITIALIZED_AUTOS = YES_AGGRESSIVE;
				GCC_WARN_UNUSED_FUNCTION = YES;
				GCC_WARN_UNUSED_VARIABLE = YES;
				IPHONEOS_DEPLOYMENT_TARGET = 12.1;
				MTL_ENABLE_DEBUG_INFO = NO;
				MTL_FAST_MATH = YES;
				SDKROOT = iphoneos;
				SWIFT_COMPILATION_MODE = wholemodule;
				SWIFT_OPTIMIZATION_LEVEL = "-O";
				VALIDATE_PRODUCT = YES;
			};
			name = Release;
		};
		5EB5D73C22453A5B000D6CE7 /* Debug */ = {
			isa = XCBuildConfiguration;
			baseConfigurationReference = 9D23937AA4646A782CA0F415 /* Pods-Pinder.debug.xcconfig */;
			buildSettings = {
				ASSETCATALOG_COMPILER_APPICON_NAME = AppIcon;
				CODE_SIGN_STYLE = Automatic;
				INFOPLIST_FILE = Pinder/Info.plist;
				LD_RUNPATH_SEARCH_PATHS = (
					"$(inherited)",
					"@executable_path/Frameworks",
				);
				PRODUCT_BUNDLE_IDENTIFIER = Joescomp.Pinder;
				PRODUCT_NAME = "$(TARGET_NAME)";
				SWIFT_VERSION = 4.2;
				TARGETED_DEVICE_FAMILY = "1,2";
			};
			name = Debug;
		};
		5EB5D73D22453A5B000D6CE7 /* Release */ = {
			isa = XCBuildConfiguration;
			baseConfigurationReference = 3FB43C3D1E6ACEAB8E602417 /* Pods-Pinder.release.xcconfig */;
			buildSettings = {
				ASSETCATALOG_COMPILER_APPICON_NAME = AppIcon;
				CODE_SIGN_STYLE = Automatic;
				INFOPLIST_FILE = Pinder/Info.plist;
				LD_RUNPATH_SEARCH_PATHS = (
					"$(inherited)",
					"@executable_path/Frameworks",
				);
				PRODUCT_BUNDLE_IDENTIFIER = Joescomp.Pinder;
				PRODUCT_NAME = "$(TARGET_NAME)";
				SWIFT_VERSION = 4.2;
				TARGETED_DEVICE_FAMILY = "1,2";
			};
			name = Release;
		};
		5EB5D73F22453A5B000D6CE7 /* Debug */ = {
			isa = XCBuildConfiguration;
			baseConfigurationReference = 9E4422399FBBC5F0B27EF44A /* Pods-PinderTests.debug.xcconfig */;
			buildSettings = {
				ALWAYS_EMBED_SWIFT_STANDARD_LIBRARIES = YES;
				BUNDLE_LOADER = "$(TEST_HOST)";
				CODE_SIGN_STYLE = Automatic;
				INFOPLIST_FILE = PinderTests/Info.plist;
				LD_RUNPATH_SEARCH_PATHS = (
					"$(inherited)",
					"@executable_path/Frameworks",
					"@loader_path/Frameworks",
				);
				PRODUCT_BUNDLE_IDENTIFIER = Joescomp.PinderTests;
				PRODUCT_NAME = "$(TARGET_NAME)";
				SWIFT_VERSION = 4.2;
				TARGETED_DEVICE_FAMILY = "1,2";
				TEST_HOST = "$(BUILT_PRODUCTS_DIR)/Pinder.app/Pinder";
			};
			name = Debug;
		};
		5EB5D74022453A5B000D6CE7 /* Release */ = {
			isa = XCBuildConfiguration;
			baseConfigurationReference = 4ED5C283D785587F0C6D643B /* Pods-PinderTests.release.xcconfig */;
			buildSettings = {
				ALWAYS_EMBED_SWIFT_STANDARD_LIBRARIES = YES;
				BUNDLE_LOADER = "$(TEST_HOST)";
				CODE_SIGN_STYLE = Automatic;
				INFOPLIST_FILE = PinderTests/Info.plist;
				LD_RUNPATH_SEARCH_PATHS = (
					"$(inherited)",
					"@executable_path/Frameworks",
					"@loader_path/Frameworks",
				);
				PRODUCT_BUNDLE_IDENTIFIER = Joescomp.PinderTests;
				PRODUCT_NAME = "$(TARGET_NAME)";
				SWIFT_VERSION = 4.2;
				TARGETED_DEVICE_FAMILY = "1,2";
				TEST_HOST = "$(BUILT_PRODUCTS_DIR)/Pinder.app/Pinder";
			};
			name = Release;
		};
		5EB5D74222453A5B000D6CE7 /* Debug */ = {
			isa = XCBuildConfiguration;
			baseConfigurationReference = 1398751C5355139780212E65 /* Pods-PinderUITests.debug.xcconfig */;
			buildSettings = {
				ALWAYS_EMBED_SWIFT_STANDARD_LIBRARIES = YES;
				CODE_SIGN_STYLE = Automatic;
				INFOPLIST_FILE = PinderUITests/Info.plist;
				LD_RUNPATH_SEARCH_PATHS = (
					"$(inherited)",
					"@executable_path/Frameworks",
					"@loader_path/Frameworks",
				);
				PRODUCT_BUNDLE_IDENTIFIER = Joescomp.PinderUITests;
				PRODUCT_NAME = "$(TARGET_NAME)";
				SWIFT_VERSION = 4.2;
				TARGETED_DEVICE_FAMILY = "1,2";
				TEST_TARGET_NAME = Pinder;
			};
			name = Debug;
		};
		5EB5D74322453A5B000D6CE7 /* Release */ = {
			isa = XCBuildConfiguration;
			baseConfigurationReference = 279FA70221B07A46FBB2C1A2 /* Pods-PinderUITests.release.xcconfig */;
			buildSettings = {
				ALWAYS_EMBED_SWIFT_STANDARD_LIBRARIES = YES;
				CODE_SIGN_STYLE = Automatic;
				INFOPLIST_FILE = PinderUITests/Info.plist;
				LD_RUNPATH_SEARCH_PATHS = (
					"$(inherited)",
					"@executable_path/Frameworks",
					"@loader_path/Frameworks",
				);
				PRODUCT_BUNDLE_IDENTIFIER = Joescomp.PinderUITests;
				PRODUCT_NAME = "$(TARGET_NAME)";
				SWIFT_VERSION = 4.2;
				TARGETED_DEVICE_FAMILY = "1,2";
				TEST_TARGET_NAME = Pinder;
			};
			name = Release;
		};
/* End XCBuildConfiguration section */

/* Begin XCConfigurationList section */
		5EB5D70B22453A5A000D6CE7 /* Build configuration list for PBXProject "Pinder" */ = {
			isa = XCConfigurationList;
			buildConfigurations = (
				5EB5D73922453A5B000D6CE7 /* Debug */,
				5EB5D73A22453A5B000D6CE7 /* Release */,
			);
			defaultConfigurationIsVisible = 0;
			defaultConfigurationName = Release;
		};
		5EB5D73B22453A5B000D6CE7 /* Build configuration list for PBXNativeTarget "Pinder" */ = {
			isa = XCConfigurationList;
			buildConfigurations = (
				5EB5D73C22453A5B000D6CE7 /* Debug */,
				5EB5D73D22453A5B000D6CE7 /* Release */,
			);
			defaultConfigurationIsVisible = 0;
			defaultConfigurationName = Release;
		};
		5EB5D73E22453A5B000D6CE7 /* Build configuration list for PBXNativeTarget "PinderTests" */ = {
			isa = XCConfigurationList;
			buildConfigurations = (
				5EB5D73F22453A5B000D6CE7 /* Debug */,
				5EB5D74022453A5B000D6CE7 /* Release */,
			);
			defaultConfigurationIsVisible = 0;
			defaultConfigurationName = Release;
		};
		5EB5D74122453A5B000D6CE7 /* Build configuration list for PBXNativeTarget "PinderUITests" */ = {
			isa = XCConfigurationList;
			buildConfigurations = (
				5EB5D74222453A5B000D6CE7 /* Debug */,
				5EB5D74322453A5B000D6CE7 /* Release */,
			);
			defaultConfigurationIsVisible = 0;
			defaultConfigurationName = Release;
		};
/* End XCConfigurationList section */

/* Begin XCVersionGroup section */
		5EB91C67225CFE7300D53278 /* Model.xcdatamodeld */ = {
			isa = XCVersionGroup;
			children = (
				5EB91C68225CFE7300D53278 /* Pinder.xcdatamodel */,
			);
			currentVersion = 5EB91C68225CFE7300D53278 /* Pinder.xcdatamodel */;
			path = Model.xcdatamodeld;
			sourceTree = "<group>";
			versionGroupType = wrapper.xcdatamodel;
		};
/* End XCVersionGroup section */
	};
	rootObject = 5EB5D70822453A5A000D6CE7 /* Project object */;
}
